
Microsoft Visual Studio Solution File, Format Version 12.00
# Visual Studio Version 16
VisualStudioVersion = 16.0.30011.22
MinimumVisualStudioVersion = 10.0.40219.1

#----------
# 1. Web
#----------
Project("{2150E333-8FDC-42A3-9474-1A3956D46DE8}") = "1. Web", "1. Web", "{AEC8F23B-8A36-4F1F-9755-3B35E2ADD7BB}"
EndProject
Project("{9A19103F-16F7-4668-BE54-9A1E7A4F7556}") = "Goblin.Api_Base", "src\Web\Goblin.Api_Base\Goblin.Api_Base.csproj", "{0F21AA0B-74EB-4692-846E-6655E9D03F5C}"
EndProject

#----------
# 2. Service
#----------
Project("{2150E333-8FDC-42A3-9474-1A3956D46DE8}") = "2. Service", "2. Service", "{446FD145-4858-49BF-AEE6-1260EF85070B}"
EndProject
Project("{9A19103F-16F7-4668-BE54-9A1E7A4F7556}") = "Goblin.Api_Base.Contract.Service", "src\Service\Goblin.Api_Base.Contract.Service\Goblin.Api_Base.Contract.Service.csproj", "{6C37B1DA-788B-45FB-AF4B-17670F960426}"
EndProject
Project("{9A19103F-16F7-4668-BE54-9A1E7A4F7556}") = "Goblin.Api_Base.Service", "src\Service\Goblin.Api_Base.Service\Goblin.Api_Base.Service.csproj", "{87185EC2-D5D8-45ED-BF21-83022CDBF1B4}"
EndProject

#----------
# 3. Repository
#----------
Project("{2150E333-8FDC-42A3-9474-1A3956D46DE8}") = "3. Repository", "3. Repository", "{790EC870-6631-4013-BF58-EB7CE42B0764}"
EndProject
Project("{9A19103F-16F7-4668-BE54-9A1E7A4F7556}") = "Goblin.Api_Base.Contract.Repository", "src\Repository\Goblin.Api_Base.Contract.Repository\Goblin.Api_Base.Contract.Repository.csproj", "{692BE584-48A9-42B9-A22D-E4213EA9F243}"
EndProject
Project("{9A19103F-16F7-4668-BE54-9A1E7A4F7556}") = "Goblin.Api_Base.Repository", "src\Repository\Goblin.Api_Base.Repository\Goblin.Api_Base.Repository.csproj", "{9B49B0B9-58A2-4E05-A378-130345C6EC7A}"
EndProject

#----------
# 4. Cross
#----------
Project("{2150E333-8FDC-42A3-9474-1A3956D46DE8}") = "4. Cross", "4. Cross", "{13D7BE53-73B1-46B0-BB56-7681E917626D}"
EndProject
Project("{9A19103F-16F7-4668-BE54-9A1E7A4F7556}") = "Goblin.Api_Base.Core", "src\Cross\Goblin.Api_Base.Core\Goblin.Api_Base.Core.csproj", "{5F3AF6CA-B81D-43D4-8049-0080BF387C03}"
EndProject
Project("{9A19103F-16F7-4668-BE54-9A1E7A4F7556}") = "Goblin.Api_Base.Mapper", "src\Cross\Goblin.Api_Base.Mapper\Goblin.Api_Base.Mapper.csproj", "{3F121D79-978A-40F7-95A6-E7C00E9EF019}"
EndProject
Project("{FAE04EC0-301F-11D3-BF4B-00C04F79EFBC}") = "Goblin.Api_Base.Share", "src\Cross\Goblin.Api_Base.Share\Goblin.Api_Base.Share.csproj", "{E4A1944E-FC1E-4CBC-9494-48A9E704E7A7}"
EndProject

#----------
# 5. Core
#----------
Project("{2150E333-8FDC-42A3-9474-1A3956D46DE8}") = "5. Core", "5. Core", "{603CFC20-7C35-4F44-B4F4-8033B2D5903C}"
EndProject
Project("{FAE04EC0-301F-11D3-BF4B-00C04F79EFBC}") = "Goblin.Core", "..\Goblin.Core\Goblin.Core\Goblin.Core.csproj", "{4A569EA2-0526-4971-8114-5172C3B5630D}"
EndProject
Project("{FAE04EC0-301F-11D3-BF4B-00C04F79EFBC}") = "Goblin.Core.Web", "..\Goblin.Core\Goblin.Core.Web\Goblin.Core.Web.csproj", "{863B169B-593C-4293-832D-3A6CACC0AB28}"
EndProject
Global

#----------
# 5. Nuget
#----------
Project("{2150E333-8FDC-42A3-9474-1A3956D46DE8}") = "6. Nuget", "6. Nuget", "{F2438EE6-2DFE-4899-9C5A-69463196A11C}"
ProjectSection(SolutionItems) = preProject
	nuget\Goblin.Api_Base.nuspec = nuget\Goblin.Api_Base.nuspec
	nuget\publish.md = nuget\publish.md
EndProjectSection
EndProject

#----------
# Global Section
#----------
	GlobalSection(SolutionConfigurationPlatforms) = preSolution
		Debug|Any CPU = Debug|Any CPU
		Release|Any CPU = Release|Any CPU
	EndGlobalSection
	GlobalSection(ProjectConfigurationPlatforms) = postSolution
		{0F21AA0B-74EB-4692-846E-6655E9D03F5C}.Debug|Any CPU.ActiveCfg = Debug|Any CPU
		{0F21AA0B-74EB-4692-846E-6655E9D03F5C}.Debug|Any CPU.Build.0 = Debug|Any CPU
		{0F21AA0B-74EB-4692-846E-6655E9D03F5C}.Release|Any CPU.ActiveCfg = Release|Any CPU
		{0F21AA0B-74EB-4692-846E-6655E9D03F5C}.Release|Any CPU.Build.0 = Release|Any CPU
		{6C37B1DA-788B-45FB-AF4B-17670F960426}.Debug|Any CPU.ActiveCfg = Debug|Any CPU
		{6C37B1DA-788B-45FB-AF4B-17670F960426}.Debug|Any CPU.Build.0 = Debug|Any CPU
		{6C37B1DA-788B-45FB-AF4B-17670F960426}.Release|Any CPU.ActiveCfg = Release|Any CPU
		{6C37B1DA-788B-45FB-AF4B-17670F960426}.Release|Any CPU.Build.0 = Release|Any CPU
		{87185EC2-D5D8-45ED-BF21-83022CDBF1B4}.Debug|Any CPU.ActiveCfg = Debug|Any CPU
		{87185EC2-D5D8-45ED-BF21-83022CDBF1B4}.Debug|Any CPU.Build.0 = Debug|Any CPU
		{87185EC2-D5D8-45ED-BF21-83022CDBF1B4}.Release|Any CPU.ActiveCfg = Release|Any CPU
		{87185EC2-D5D8-45ED-BF21-83022CDBF1B4}.Release|Any CPU.Build.0 = Release|Any CPU
		{692BE584-48A9-42B9-A22D-E4213EA9F243}.Debug|Any CPU.ActiveCfg = Debug|Any CPU
		{692BE584-48A9-42B9-A22D-E4213EA9F243}.Debug|Any CPU.Build.0 = Debug|Any CPU
		{692BE584-48A9-42B9-A22D-E4213EA9F243}.Release|Any CPU.ActiveCfg = Release|Any CPU
		{692BE584-48A9-42B9-A22D-E4213EA9F243}.Release|Any CPU.Build.0 = Release|Any CPU
		{9B49B0B9-58A2-4E05-A378-130345C6EC7A}.Debug|Any CPU.ActiveCfg = Debug|Any CPU
		{9B49B0B9-58A2-4E05-A378-130345C6EC7A}.Debug|Any CPU.Build.0 = Debug|Any CPU
		{9B49B0B9-58A2-4E05-A378-130345C6EC7A}.Release|Any CPU.ActiveCfg = Release|Any CPU
		{9B49B0B9-58A2-4E05-A378-130345C6EC7A}.Release|Any CPU.Build.0 = Release|Any CPU
		{5F3AF6CA-B81D-43D4-8049-0080BF387C03}.Debug|Any CPU.ActiveCfg = Debug|Any CPU
		{5F3AF6CA-B81D-43D4-8049-0080BF387C03}.Debug|Any CPU.Build.0 = Debug|Any CPU
		{5F3AF6CA-B81D-43D4-8049-0080BF387C03}.Release|Any CPU.ActiveCfg = Release|Any CPU
		{5F3AF6CA-B81D-43D4-8049-0080BF387C03}.Release|Any CPU.Build.0 = Release|Any CPU
		{3F121D79-978A-40F7-95A6-E7C00E9EF019}.Debug|Any CPU.ActiveCfg = Debug|Any CPU
		{3F121D79-978A-40F7-95A6-E7C00E9EF019}.Debug|Any CPU.Build.0 = Debug|Any CPU
		{3F121D79-978A-40F7-95A6-E7C00E9EF019}.Release|Any CPU.ActiveCfg = Release|Any CPU
		{3F121D79-978A-40F7-95A6-E7C00E9EF019}.Release|Any CPU.Build.0 = Release|Any CPU
		{E4A1944E-FC1E-4CBC-9494-48A9E704E7A7}.Debug|Any CPU.ActiveCfg = Debug|Any CPU
		{E4A1944E-FC1E-4CBC-9494-48A9E704E7A7}.Debug|Any CPU.Build.0 = Debug|Any CPU
		{E4A1944E-FC1E-4CBC-9494-48A9E704E7A7}.Release|Any CPU.ActiveCfg = Release|Any CPU
		{E4A1944E-FC1E-4CBC-9494-48A9E704E7A7}.Release|Any CPU.Build.0 = Release|Any CPU
		{4A569EA2-0526-4971-8114-5172C3B5630D}.Debug|Any CPU.ActiveCfg = Debug|Any CPU
		{4A569EA2-0526-4971-8114-5172C3B5630D}.Debug|Any CPU.Build.0 = Debug|Any CPU
		{4A569EA2-0526-4971-8114-5172C3B5630D}.Release|Any CPU.ActiveCfg = Release|Any CPU
		{4A569EA2-0526-4971-8114-5172C3B5630D}.Release|Any CPU.Build.0 = Release|Any CPU
		{863B169B-593C-4293-832D-3A6CACC0AB28}.Debug|Any CPU.ActiveCfg = Debug|Any CPU
		{863B169B-593C-4293-832D-3A6CACC0AB28}.Debug|Any CPU.Build.0 = Debug|Any CPU
		{863B169B-593C-4293-832D-3A6CACC0AB28}.Release|Any CPU.ActiveCfg = Release|Any CPU
		{863B169B-593C-4293-832D-3A6CACC0AB28}.Release|Any CPU.Build.0 = Release|Any CPU
	EndGlobalSection
	GlobalSection(SolutionProperties) = preSolution
		HideSolutionNode = FALSE
	EndGlobalSection
	GlobalSection(NestedProjects) = preSolution
		{0F21AA0B-74EB-4692-846E-6655E9D03F5C} = {AEC8F23B-8A36-4F1F-9755-3B35E2ADD7BB}
		{6C37B1DA-788B-45FB-AF4B-17670F960426} = {446FD145-4858-49BF-AEE6-1260EF85070B}
		{87185EC2-D5D8-45ED-BF21-83022CDBF1B4} = {446FD145-4858-49BF-AEE6-1260EF85070B}
		{692BE584-48A9-42B9-A22D-E4213EA9F243} = {790EC870-6631-4013-BF58-EB7CE42B0764}
		{9B49B0B9-58A2-4E05-A378-130345C6EC7A} = {790EC870-6631-4013-BF58-EB7CE42B0764}
		{5F3AF6CA-B81D-43D4-8049-0080BF387C03} = {13D7BE53-73B1-46B0-BB56-7681E917626D}
		{3F121D79-978A-40F7-95A6-E7C00E9EF019} = {13D7BE53-73B1-46B0-BB56-7681E917626D}
		{E4A1944E-FC1E-4CBC-9494-48A9E704E7A7} = {13D7BE53-73B1-46B0-BB56-7681E917626D}
		{4A569EA2-0526-4971-8114-5172C3B5630D} = {603CFC20-7C35-4F44-B4F4-8033B2D5903C}
		{863B169B-593C-4293-832D-3A6CACC0AB28} = {603CFC20-7C35-4F44-B4F4-8033B2D5903C}
	EndGlobalSection
	GlobalSection(ExtensibilityGlobals) = postSolution
		SolutionGuid = {FDA8E922-2F0E-471E-96DD-4EF433F3ED92}
	EndGlobalSection
EndGlobal
